{
  "version": "4",
  "specifiers": {
    "jsr:@std/fs@^1.0.5": "1.0.5",
    "jsr:@std/path@^1.0.7": "1.0.7",
    "npm:@ts-rest/core@^3.51.0": "3.51.0_zod@3.23.8",
    "npm:zod@^3.23.8": "3.23.8"
  },
  "jsr": {
    "@std/fs@1.0.5": {
      "integrity": "41806ad6823d0b5f275f9849a2640d87e4ef67c51ee1b8fb02426f55e02fd44e",
      "dependencies": [
        "jsr:@std/path"
      ]
    },
    "@std/path@1.0.7": {
      "integrity": "76a689e07f0e15dcc6002ec39d0866797e7156629212b28f27179b8a5c3b33a1"
    }
  },
  "npm": {
    "@ts-rest/core@3.51.0_zod@3.23.8": {
      "integrity": "sha512-v6lnWEcpZj1UgN9wb84XQ+EORP1QEtncFumoXMJjno5ZUV6vdjKze3MYcQN0C6vjBpIJPQEaI/gab2jr4/0KzQ==",
      "dependencies": [
        "zod"
      ]
    },
    "zod@3.23.8": {
      "integrity": "sha512-XBx9AXhXktjUqnepgTiE5flcKIYWi/rme0Eaj+5Y0lftuGBq+jyRu/md4WnuxqgP1ubdpNCsYEYPxrzVHD8d6g=="
    }
  },
  "workspace": {
    "members": {
      "projects/api": {
        "dependencies": [
          "npm:@ts-rest/core@^3.51.0",
          "npm:zod@^3.23.8"
        ]
      },
      "projects/playground": {
        "dependencies": [
          "jsr:@std/fs@^1.0.5"
        ]
      }
    }
  }
}
